// !$*UTF8*$!
{
	archiveVersion = 1;
	classes = {
	};
	objectVersion = 51;
	objects = {

/* Begin PBXBuildFile section */
		4DC7BCE0CB45CE6BFCCE535D /* Pods_BowlingDrillingTests.framework in Frameworks */ = {isa = PBXBuildFile; fileRef = ACFA7532410EB0964823F1F6 /* Pods_BowlingDrillingTests.framework */; };
		A9127FAB23C32B07007FC93B /* DrillViewController.swift in Sources */ = {isa = PBXBuildFile; fileRef = A9127FAA23C32B07007FC93B /* DrillViewController.swift */; };
		A9127FAE23C34332007FC93B /* NibDesignable.swift in Sources */ = {isa = PBXBuildFile; fileRef = A9127FAD23C34332007FC93B /* NibDesignable.swift */; };
		A9127FB023C3435D007FC93B /* UIView+Constraints.swift in Sources */ = {isa = PBXBuildFile; fileRef = A9127FAF23C3435D007FC93B /* UIView+Constraints.swift */; };
		A9127FB323C343C5007FC93B /* PitchView.swift in Sources */ = {isa = PBXBuildFile; fileRef = A9127FB223C343C5007FC93B /* PitchView.swift */; };
		A9127FB523C343DA007FC93B /* PitchView.xib in Resources */ = {isa = PBXBuildFile; fileRef = A9127FB423C343DA007FC93B /* PitchView.xib */; };
		A9127FB723C351EB007FC93B /* TestJson.json in Resources */ = {isa = PBXBuildFile; fileRef = A9127FB623C351EB007FC93B /* TestJson.json */; };
		A9127FBA23C3525E007FC93B /* PitchModel.swift in Sources */ = {isa = PBXBuildFile; fileRef = A9127FB923C3525E007FC93B /* PitchModel.swift */; };
		A9127FBD23C35863007FC93B /* FirebaseService.swift in Sources */ = {isa = PBXBuildFile; fileRef = A9127FBC23C35863007FC93B /* FirebaseService.swift */; };
		A9127FBF23C3588A007FC93B /* DIService.swift in Sources */ = {isa = PBXBuildFile; fileRef = A9127FBE23C3588A007FC93B /* DIService.swift */; };
		A9127FC523C35E5B007FC93B /* GoogleService-Info.plist in Resources */ = {isa = PBXBuildFile; fileRef = A9127FC423C35E5B007FC93B /* GoogleService-Info.plist */; };
		A9E2EFA323C07D48002FB680 /* AppDelegate.swift in Sources */ = {isa = PBXBuildFile; fileRef = A9E2EFA223C07D48002FB680 /* AppDelegate.swift */; };
		A9E2EFA523C07D48002FB680 /* SceneDelegate.swift in Sources */ = {isa = PBXBuildFile; fileRef = A9E2EFA423C07D48002FB680 /* SceneDelegate.swift */; };
		A9E2EFA723C07D48002FB680 /* TableViewController.swift in Sources */ = {isa = PBXBuildFile; fileRef = A9E2EFA623C07D48002FB680 /* TableViewController.swift */; };
		A9E2EFAA23C07D48002FB680 /* Main.storyboard in Resources */ = {isa = PBXBuildFile; fileRef = A9E2EFA823C07D48002FB680 /* Main.storyboard */; };
		A9E2EFAC23C07D4A002FB680 /* Assets.xcassets in Resources */ = {isa = PBXBuildFile; fileRef = A9E2EFAB23C07D4A002FB680 /* Assets.xcassets */; };
		A9E2EFAF23C07D4A002FB680 /* LaunchScreen.storyboard in Resources */ = {isa = PBXBuildFile; fileRef = A9E2EFAD23C07D4A002FB680 /* LaunchScreen.storyboard */; };
		A9E2EFBA23C07D4B002FB680 /* BowlingDrillingTests.swift in Sources */ = {isa = PBXBuildFile; fileRef = A9E2EFB923C07D4B002FB680 /* BowlingDrillingTests.swift */; };
		D0A952D2D56C83295DB14AF3 /* Pods_BowlingDrilling.framework in Frameworks */ = {isa = PBXBuildFile; fileRef = 16071DD6EF1BABECD90CA19C /* Pods_BowlingDrilling.framework */; };
/* End PBXBuildFile section */

/* Begin PBXContainerItemProxy section */
		A9E2EFB623C07D4B002FB680 /* PBXContainerItemProxy */ = {
			isa = PBXContainerItemProxy;
			containerPortal = A9E2EF9723C07D48002FB680 /* Project object */;
			proxyType = 1;
			remoteGlobalIDString = A9E2EF9E23C07D48002FB680;
			remoteInfo = BowlingDrilling;
		};
/* End PBXContainerItemProxy section */

/* Begin PBXFileReference section */
		0C96EF7B83BB8393EE6CD62C /* Pods-BowlingDrillingTests.debug.xcconfig */ = {isa = PBXFileReference; includeInIndex = 1; lastKnownFileType = text.xcconfig; name = "Pods-BowlingDrillingTests.debug.xcconfig"; path = "Target Support Files/Pods-BowlingDrillingTests/Pods-BowlingDrillingTests.debug.xcconfig"; sourceTree = "<group>"; };
		16071DD6EF1BABECD90CA19C /* Pods_BowlingDrilling.framework */ = {isa = PBXFileReference; explicitFileType = wrapper.framework; includeInIndex = 0; path = Pods_BowlingDrilling.framework; sourceTree = BUILT_PRODUCTS_DIR; };
		28952936205BD301891AD9EA /* Pods-BowlingDrillingTests.release.xcconfig */ = {isa = PBXFileReference; includeInIndex = 1; lastKnownFileType = text.xcconfig; name = "Pods-BowlingDrillingTests.release.xcconfig"; path = "Target Support Files/Pods-BowlingDrillingTests/Pods-BowlingDrillingTests.release.xcconfig"; sourceTree = "<group>"; };
		557CB99453E36A77D656DB8A /* Pods-BowlingDrilling.release.xcconfig */ = {isa = PBXFileReference; includeInIndex = 1; lastKnownFileType = text.xcconfig; name = "Pods-BowlingDrilling.release.xcconfig"; path = "Target Support Files/Pods-BowlingDrilling/Pods-BowlingDrilling.release.xcconfig"; sourceTree = "<group>"; };
		6C64E86FF869A54425CD53A4 /* Pods-BowlingDrilling.debug.xcconfig */ = {isa = PBXFileReference; includeInIndex = 1; lastKnownFileType = text.xcconfig; name = "Pods-BowlingDrilling.debug.xcconfig"; path = "Target Support Files/Pods-BowlingDrilling/Pods-BowlingDrilling.debug.xcconfig"; sourceTree = "<group>"; };
		A9127FAA23C32B07007FC93B /* DrillViewController.swift */ = {isa = PBXFileReference; lastKnownFileType = sourcecode.swift; path = DrillViewController.swift; sourceTree = "<group>"; };
		A9127FAD23C34332007FC93B /* NibDesignable.swift */ = {isa = PBXFileReference; lastKnownFileType = sourcecode.swift; path = NibDesignable.swift; sourceTree = "<group>"; };
		A9127FAF23C3435D007FC93B /* UIView+Constraints.swift */ = {isa = PBXFileReference; lastKnownFileType = sourcecode.swift; path = "UIView+Constraints.swift"; sourceTree = "<group>"; };
		A9127FB223C343C5007FC93B /* PitchView.swift */ = {isa = PBXFileReference; lastKnownFileType = sourcecode.swift; path = PitchView.swift; sourceTree = "<group>"; };
		A9127FB423C343DA007FC93B /* PitchView.xib */ = {isa = PBXFileReference; lastKnownFileType = file.xib; path = PitchView.xib; sourceTree = "<group>"; };
		A9127FB623C351EB007FC93B /* TestJson.json */ = {isa = PBXFileReference; lastKnownFileType = text.json; path = TestJson.json; sourceTree = "<group>"; };
		A9127FB923C3525E007FC93B /* PitchModel.swift */ = {isa = PBXFileReference; lastKnownFileType = sourcecode.swift; path = PitchModel.swift; sourceTree = "<group>"; };
		A9127FBC23C35863007FC93B /* FirebaseService.swift */ = {isa = PBXFileReference; lastKnownFileType = sourcecode.swift; path = FirebaseService.swift; sourceTree = "<group>"; };
		A9127FBE23C3588A007FC93B /* DIService.swift */ = {isa = PBXFileReference; lastKnownFileType = sourcecode.swift; path = DIService.swift; sourceTree = "<group>"; };
		A9127FC423C35E5B007FC93B /* GoogleService-Info.plist */ = {isa = PBXFileReference; fileEncoding = 4; lastKnownFileType = text.plist.xml; path = "GoogleService-Info.plist"; sourceTree = "<group>"; };
		A9E2EF9F23C07D48002FB680 /* BowlingDrilling.app */ = {isa = PBXFileReference; explicitFileType = wrapper.application; includeInIndex = 0; path = BowlingDrilling.app; sourceTree = BUILT_PRODUCTS_DIR; };
		A9E2EFA223C07D48002FB680 /* AppDelegate.swift */ = {isa = PBXFileReference; lastKnownFileType = sourcecode.swift; path = AppDelegate.swift; sourceTree = "<group>"; };
		A9E2EFA423C07D48002FB680 /* SceneDelegate.swift */ = {isa = PBXFileReference; lastKnownFileType = sourcecode.swift; path = SceneDelegate.swift; sourceTree = "<group>"; };
		A9E2EFA623C07D48002FB680 /* TableViewController.swift */ = {isa = PBXFileReference; lastKnownFileType = sourcecode.swift; path = TableViewController.swift; sourceTree = "<group>"; };
		A9E2EFA923C07D48002FB680 /* Base */ = {isa = PBXFileReference; lastKnownFileType = file.storyboard; name = Base; path = Base.lproj/Main.storyboard; sourceTree = "<group>"; };
		A9E2EFAB23C07D4A002FB680 /* Assets.xcassets */ = {isa = PBXFileReference; lastKnownFileType = folder.assetcatalog; path = Assets.xcassets; sourceTree = "<group>"; };
		A9E2EFAE23C07D4A002FB680 /* Base */ = {isa = PBXFileReference; lastKnownFileType = file.storyboard; name = Base; path = Base.lproj/LaunchScreen.storyboard; sourceTree = "<group>"; };
		A9E2EFB023C07D4A002FB680 /* Info.plist */ = {isa = PBXFileReference; lastKnownFileType = text.plist.xml; path = Info.plist; sourceTree = "<group>"; };
		A9E2EFB523C07D4B002FB680 /* BowlingDrillingTests.xctest */ = {isa = PBXFileReference; explicitFileType = wrapper.cfbundle; includeInIndex = 0; path = BowlingDrillingTests.xctest; sourceTree = BUILT_PRODUCTS_DIR; };
		A9E2EFB923C07D4B002FB680 /* BowlingDrillingTests.swift */ = {isa = PBXFileReference; lastKnownFileType = sourcecode.swift; path = BowlingDrillingTests.swift; sourceTree = "<group>"; };
		A9E2EFBB23C07D4B002FB680 /* Info.plist */ = {isa = PBXFileReference; lastKnownFileType = text.plist.xml; path = Info.plist; sourceTree = "<group>"; };
		ACFA7532410EB0964823F1F6 /* Pods_BowlingDrillingTests.framework */ = {isa = PBXFileReference; explicitFileType = wrapper.framework; includeInIndex = 0; path = Pods_BowlingDrillingTests.framework; sourceTree = BUILT_PRODUCTS_DIR; };
/* End PBXFileReference section */

/* Begin PBXFrameworksBuildPhase section */
		A9E2EF9C23C07D48002FB680 /* Frameworks */ = {
			isa = PBXFrameworksBuildPhase;
			buildActionMask = 2147483647;
			files = (
				D0A952D2D56C83295DB14AF3 /* Pods_BowlingDrilling.framework in Frameworks */,
			);
			runOnlyForDeploymentPostprocessing = 0;
		};
		A9E2EFB223C07D4B002FB680 /* Frameworks */ = {
			isa = PBXFrameworksBuildPhase;
			buildActionMask = 2147483647;
			files = (
				4DC7BCE0CB45CE6BFCCE535D /* Pods_BowlingDrillingTests.framework in Frameworks */,
			);
			runOnlyForDeploymentPostprocessing = 0;
		};
/* End PBXFrameworksBuildPhase section */

/* Begin PBXGroup section */
		0B9FC379051A01AEF2D62E0A /* Frameworks */ = {
			isa = PBXGroup;
			children = (
				16071DD6EF1BABECD90CA19C /* Pods_BowlingDrilling.framework */,
				ACFA7532410EB0964823F1F6 /* Pods_BowlingDrillingTests.framework */,
			);
			name = Frameworks;
			sourceTree = "<group>";
		};
		A9127FAC23C34326007FC93B /* Extensions */ = {
			isa = PBXGroup;
			children = (
				A9127FAD23C34332007FC93B /* NibDesignable.swift */,
				A9127FAF23C3435D007FC93B /* UIView+Constraints.swift */,
			);
			path = Extensions;
			sourceTree = "<group>";
		};
		A9127FB123C34386007FC93B /* Drill  */ = {
			isa = PBXGroup;
			children = (
				A9127FAA23C32B07007FC93B /* DrillViewController.swift */,
				A9127FB223C343C5007FC93B /* PitchView.swift */,
				A9127FB423C343DA007FC93B /* PitchView.xib */,
			);
			path = "Drill ";
			sourceTree = "<group>";
		};
		A9127FB823C3524F007FC93B /* Model */ = {
			isa = PBXGroup;
			children = (
				A9127FB923C3525E007FC93B /* PitchModel.swift */,
			);
			path = Model;
			sourceTree = "<group>";
		};
		A9127FBB23C35856007FC93B /* Services */ = {
			isa = PBXGroup;
			children = (
				A9127FBC23C35863007FC93B /* FirebaseService.swift */,
				A9127FBE23C3588A007FC93B /* DIService.swift */,
			);
			path = Services;
			sourceTree = "<group>";
		};
		A9E2EF9623C07D48002FB680 = {
			isa = PBXGroup;
			children = (
				A9E2EFA123C07D48002FB680 /* BowlingDrilling */,
				A9E2EFB823C07D4B002FB680 /* BowlingDrillingTests */,
				A9E2EFA023C07D48002FB680 /* Products */,
				C4C40EB5286D7895DAFB547F /* Pods */,
				0B9FC379051A01AEF2D62E0A /* Frameworks */,
			);
			sourceTree = "<group>";
		};
		A9E2EFA023C07D48002FB680 /* Products */ = {
			isa = PBXGroup;
			children = (
				A9E2EF9F23C07D48002FB680 /* BowlingDrilling.app */,
				A9E2EFB523C07D4B002FB680 /* BowlingDrillingTests.xctest */,
			);
			name = Products;
			sourceTree = "<group>";
		};
		A9E2EFA123C07D48002FB680 /* BowlingDrilling */ = {
			isa = PBXGroup;
			children = (
				A9E2EFA223C07D48002FB680 /* AppDelegate.swift */,
				A9E2EFA423C07D48002FB680 /* SceneDelegate.swift */,
				A9127FBB23C35856007FC93B /* Services */,
				A9127FB823C3524F007FC93B /* Model */,
				A9127FB623C351EB007FC93B /* TestJson.json */,
				A9127FAC23C34326007FC93B /* Extensions */,
				A9127FB123C34386007FC93B /* Drill  */,
				A9E2EFA623C07D48002FB680 /* TableViewController.swift */,
				A9E2EFA823C07D48002FB680 /* Main.storyboard */,
				A9E2EFAB23C07D4A002FB680 /* Assets.xcassets */,
				A9E2EFAD23C07D4A002FB680 /* LaunchScreen.storyboard */,
				A9E2EFB023C07D4A002FB680 /* Info.plist */,
				A9127FC423C35E5B007FC93B /* GoogleService-Info.plist */,
			);
			path = BowlingDrilling;
			sourceTree = "<group>";
		};
		A9E2EFB823C07D4B002FB680 /* BowlingDrillingTests */ = {
			isa = PBXGroup;
			children = (
				A9E2EFB923C07D4B002FB680 /* BowlingDrillingTests.swift */,
				A9E2EFBB23C07D4B002FB680 /* Info.plist */,
			);
			path = BowlingDrillingTests;
			sourceTree = "<group>";
		};
		C4C40EB5286D7895DAFB547F /* Pods */ = {
			isa = PBXGroup;
			children = (
				6C64E86FF869A54425CD53A4 /* Pods-BowlingDrilling.debug.xcconfig */,
				557CB99453E36A77D656DB8A /* Pods-BowlingDrilling.release.xcconfig */,
				0C96EF7B83BB8393EE6CD62C /* Pods-BowlingDrillingTests.debug.xcconfig */,
				28952936205BD301891AD9EA /* Pods-BowlingDrillingTests.release.xcconfig */,
			);
			path = Pods;
			sourceTree = "<group>";
		};
/* End PBXGroup section */

/* Begin PBXNativeTarget section */
		A9E2EF9E23C07D48002FB680 /* BowlingDrilling */ = {
			isa = PBXNativeTarget;
			buildConfigurationList = A9E2EFBE23C07D4B002FB680 /* Build configuration list for PBXNativeTarget "BowlingDrilling" */;
			buildPhases = (
				41E6E424ACC89B5F82A8114E /* [CP] Check Pods Manifest.lock */,
				A9E2EF9B23C07D48002FB680 /* Sources */,
				A9E2EF9C23C07D48002FB680 /* Frameworks */,
				A9E2EF9D23C07D48002FB680 /* Resources */,
				133964B8AB1A8260E90E46AB /* [CP] Embed Pods Frameworks */,
			);
			buildRules = (
			);
			dependencies = (
			);
			name = BowlingDrilling;
			productName = BowlingDrilling;
			productReference = A9E2EF9F23C07D48002FB680 /* BowlingDrilling.app */;
			productType = "com.apple.product-type.application";
		};
		A9E2EFB423C07D4B002FB680 /* BowlingDrillingTests */ = {
			isa = PBXNativeTarget;
			buildConfigurationList = A9E2EFC123C07D4B002FB680 /* Build configuration list for PBXNativeTarget "BowlingDrillingTests" */;
			buildPhases = (
				575AE7E6DABCB3C95DA97C8C /* [CP] Check Pods Manifest.lock */,
				A9E2EFB123C07D4B002FB680 /* Sources */,
				A9E2EFB223C07D4B002FB680 /* Frameworks */,
				A9E2EFB323C07D4B002FB680 /* Resources */,
			);
			buildRules = (
			);
			dependencies = (
				A9E2EFB723C07D4B002FB680 /* PBXTargetDependency */,
			);
			name = BowlingDrillingTests;
			productName = BowlingDrillingTests;
			productReference = A9E2EFB523C07D4B002FB680 /* BowlingDrillingTests.xctest */;
			productType = "com.apple.product-type.bundle.unit-test";
		};
/* End PBXNativeTarget section */

/* Begin PBXProject section */
		A9E2EF9723C07D48002FB680 /* Project object */ = {
			isa = PBXProject;
			attributes = {
				LastSwiftUpdateCheck = 1130;
				LastUpgradeCheck = 1130;
				ORGANIZATIONNAME = "Alejandro Arjonilla Garcia";
				TargetAttributes = {
					A9E2EF9E23C07D48002FB680 = {
						CreatedOnToolsVersion = 11.3;
					};
					A9E2EFB423C07D4B002FB680 = {
						CreatedOnToolsVersion = 11.3;
						TestTargetID = A9E2EF9E23C07D48002FB680;
					};
				};
			};
			buildConfigurationList = A9E2EF9A23C07D48002FB680 /* Build configuration list for PBXProject "BowlingDrilling" */;
			compatibilityVersion = "Xcode 9.3";
			developmentRegion = en;
			hasScannedForEncodings = 0;
			knownRegions = (
				en,
				Base,
			);
			mainGroup = A9E2EF9623C07D48002FB680;
			productRefGroup = A9E2EFA023C07D48002FB680 /* Products */;
			projectDirPath = "";
			projectRoot = "";
			targets = (
				A9E2EF9E23C07D48002FB680 /* BowlingDrilling */,
				A9E2EFB423C07D4B002FB680 /* BowlingDrillingTests */,
			);
		};
/* End PBXProject section */

/* Begin PBXResourcesBuildPhase section */
		A9E2EF9D23C07D48002FB680 /* Resources */ = {
			isa = PBXResourcesBuildPhase;
			buildActionMask = 2147483647;
			files = (
				A9E2EFAF23C07D4A002FB680 /* LaunchScreen.storyboard in Resources */,
				A9127FB723C351EB007FC93B /* TestJson.json in Resources */,
				A9127FB523C343DA007FC93B /* PitchView.xib in Resources */,
				A9E2EFAC23C07D4A002FB680 /* Assets.xcassets in Resources */,
				A9E2EFAA23C07D48002FB680 /* Main.storyboard in Resources */,
				A9127FC523C35E5B007FC93B /* GoogleService-Info.plist in Resources */,
			);
			runOnlyForDeploymentPostprocessing = 0;
		};
		A9E2EFB323C07D4B002FB680 /* Resources */ = {
			isa = PBXResourcesBuildPhase;
			buildActionMask = 2147483647;
			files = (
			);
			runOnlyForDeploymentPostprocessing = 0;
		};
/* End PBXResourcesBuildPhase section */

/* Begin PBXShellScriptBuildPhase section */
		133964B8AB1A8260E90E46AB /* [CP] Embed Pods Frameworks */ = {
			isa = PBXShellScriptBuildPhase;
			buildActionMask = 2147483647;
			files = (
			);
			inputFileListPaths = (
				"${PODS_ROOT}/Target Support Files/Pods-BowlingDrilling/Pods-BowlingDrilling-frameworks-${CONFIGURATION}-input-files.xcfilelist",
			);
			name = "[CP] Embed Pods Frameworks";
			outputFileListPaths = (
				"${PODS_ROOT}/Target Support Files/Pods-BowlingDrilling/Pods-BowlingDrilling-frameworks-${CONFIGURATION}-output-files.xcfilelist",
			);
			runOnlyForDeploymentPostprocessing = 0;
			shellPath = /bin/sh;
			shellScript = "\"${PODS_ROOT}/Target Support Files/Pods-BowlingDrilling/Pods-BowlingDrilling-frameworks.sh\"\n";
			showEnvVarsInLog = 0;
		};
		41E6E424ACC89B5F82A8114E /* [CP] Check Pods Manifest.lock */ = {
			isa = PBXShellScriptBuildPhase;
			buildActionMask = 2147483647;
			files = (
			);
			inputFileListPaths = (
			);
			inputPaths = (
				"${PODS_PODFILE_DIR_PATH}/Podfile.lock",
				"${PODS_ROOT}/Manifest.lock",
			);
			name = "[CP] Check Pods Manifest.lock";
			outputFileListPaths = (
			);
			outputPaths = (
				"$(DERIVED_FILE_DIR)/Pods-BowlingDrilling-checkManifestLockResult.txt",
			);
			runOnlyForDeploymentPostprocessing = 0;
			shellPath = /bin/sh;
			shellScript = "diff \"${PODS_PODFILE_DIR_PATH}/Podfile.lock\" \"${PODS_ROOT}/Manifest.lock\" > /dev/null\nif [ $? != 0 ] ; then\n    # print error to STDERR\n    echo \"error: The sandbox is not in sync with the Podfile.lock. Run 'pod install' or update your CocoaPods installation.\" >&2\n    exit 1\nfi\n# This output is used by Xcode 'outputs' to avoid re-running this script phase.\necho \"SUCCESS\" > \"${SCRIPT_OUTPUT_FILE_0}\"\n";
			showEnvVarsInLog = 0;
		};
		575AE7E6DABCB3C95DA97C8C /* [CP] Check Pods Manifest.lock */ = {
			isa = PBXShellScriptBuildPhase;
			buildActionMask = 2147483647;
			files = (
			);
			inputFileListPaths = (
			);
			inputPaths = (
				"${PODS_PODFILE_DIR_PATH}/Podfile.lock",
				"${PODS_ROOT}/Manifest.lock",
			);
			name = "[CP] Check Pods Manifest.lock";
			outputFileListPaths = (
			);
			outputPaths = (
				"$(DERIVED_FILE_DIR)/Pods-BowlingDrillingTests-checkManifestLockResult.txt",
			);
			runOnlyForDeploymentPostprocessing = 0;
			shellPath = /bin/sh;
			shellScript = "diff \"${PODS_PODFILE_DIR_PATH}/Podfile.lock\" \"${PODS_ROOT}/Manifest.lock\" > /dev/null\nif [ $? != 0 ] ; then\n    # print error to STDERR\n    echo \"error: The sandbox is not in sync with the Podfile.lock. Run 'pod install' or update your CocoaPods installation.\" >&2\n    exit 1\nfi\n# This output is used by Xcode 'outputs' to avoid re-running this script phase.\necho \"SUCCESS\" > \"${SCRIPT_OUTPUT_FILE_0}\"\n";
			showEnvVarsInLog = 0;
		};
/* End PBXShellScriptBuildPhase section */

/* Begin PBXSourcesBuildPhase section */
		A9E2EF9B23C07D48002FB680 /* Sources */ = {
			isa = PBXSourcesBuildPhase;
			buildActionMask = 2147483647;
			files = (
				A9127FBF23C3588A007FC93B /* DIService.swift in Sources */,
				A9127FB323C343C5007FC93B /* PitchView.swift in Sources */,
				A9E2EFA723C07D48002FB680 /* TableViewController.swift in Sources */,
				A9E2EFA323C07D48002FB680 /* AppDelegate.swift in Sources */,
				A9127FAB23C32B07007FC93B /* DrillViewController.swift in Sources */,
				A9127FBD23C35863007FC93B /* FirebaseService.swift in Sources */,
				A9127FBA23C3525E007FC93B /* PitchModel.swift in Sources */,
				A9127FB023C3435D007FC93B /* UIView+Constraints.swift in Sources */,
				A9127FAE23C34332007FC93B /* NibDesignable.swift in Sources */,
				A9E2EFA523C07D48002FB680 /* SceneDelegate.swift in Sources */,
			);
			runOnlyForDeploymentPostprocessing = 0;
		};
		A9E2EFB123C07D4B002FB680 /* Sources */ = {
			isa = PBXSourcesBuildPhase;
			buildActionMask = 2147483647;
			files = (
				A9E2EFBA23C07D4B002FB680 /* BowlingDrillingTests.swift in Sources */,
			);
			runOnlyForDeploymentPostprocessing = 0;
		};
/* End PBXSourcesBuildPhase section */

/* Begin PBXTargetDependency section */
		A9E2EFB723C07D4B002FB680 /* PBXTargetDependency */ = {
			isa = PBXTargetDependency;
			target = A9E2EF9E23C07D48002FB680 /* BowlingDrilling */;
			targetProxy = A9E2EFB623C07D4B002FB680 /* PBXContainerItemProxy */;
		};
/* End PBXTargetDependency section */

/* Begin PBXVariantGroup section */
		A9E2EFA823C07D48002FB680 /* Main.storyboard */ = {
			isa = PBXVariantGroup;
			children = (
				A9E2EFA923C07D48002FB680 /* Base */,
			);
			name = Main.storyboard;
			sourceTree = "<group>";
		};
		A9E2EFAD23C07D4A002FB680 /* LaunchScreen.storyboard */ = {
			isa = PBXVariantGroup;
			children = (
				A9E2EFAE23C07D4A002FB680 /* Base */,
			);
			name = LaunchScreen.storyboard;
			sourceTree = "<group>";
		};
/* End PBXVariantGroup section */

/* Begin XCBuildConfiguration section */
		A9E2EFBC23C07D4B002FB680 /* Debug */ = {
			isa = XCBuildConfiguration;
			buildSettings = {
				ALWAYS_SEARCH_USER_PATHS = NO;
				CLANG_ANALYZER_NONNULL = YES;
				CLANG_ANALYZER_NUMBER_OBJECT_CONVERSION = YES_AGGRESSIVE;
				CLANG_CXX_LANGUAGE_STANDARD = "gnu++14";
				CLANG_CXX_LIBRARY = "libc++";
				CLANG_ENABLE_MODULES = YES;
				CLANG_ENABLE_OBJC_ARC = YES;
				CLANG_ENABLE_OBJC_WEAK = YES;
				CLANG_WARN_BLOCK_CAPTURE_AUTORELEASING = YES;
				CLANG_WARN_BOOL_CONVERSION = YES;
				CLANG_WARN_COMMA = YES;
				CLANG_WARN_CONSTANT_CONVERSION = YES;
				CLANG_WARN_DEPRECATED_OBJC_IMPLEMENTATIONS = YES;
				CLANG_WARN_DIRECT_OBJC_ISA_USAGE = YES_ERROR;
				CLANG_WARN_DOCUMENTATION_COMMENTS = YES;
				CLANG_WARN_EMPTY_BODY = YES;
				CLANG_WARN_ENUM_CONVERSION = YES;
				CLANG_WARN_INFINITE_RECURSION = YES;
				CLANG_WARN_INT_CONVERSION = YES;
				CLANG_WARN_NON_LITERAL_NULL_CONVERSION = YES;
				CLANG_WARN_OBJC_IMPLICIT_RETAIN_SELF = YES;
				CLANG_WARN_OBJC_LITERAL_CONVERSION = YES;
				CLANG_WARN_OBJC_ROOT_CLASS = YES_ERROR;
				CLANG_WARN_RANGE_LOOP_ANALYSIS = YES;
				CLANG_WARN_STRICT_PROTOTYPES = YES;
				CLANG_WARN_SUSPICIOUS_MOVE = YES;
				CLANG_WARN_UNGUARDED_AVAILABILITY = YES_AGGRESSIVE;
				CLANG_WARN_UNREACHABLE_CODE = YES;
				CLANG_WARN__DUPLICATE_METHOD_MATCH = YES;
				COPY_PHASE_STRIP = NO;
				DEBUG_INFORMATION_FORMAT = dwarf;
				ENABLE_STRICT_OBJC_MSGSEND = YES;
				ENABLE_TESTABILITY = YES;
				GCC_C_LANGUAGE_STANDARD = gnu11;
				GCC_DYNAMIC_NO_PIC = NO;
				GCC_NO_COMMON_BLOCKS = YES;
				GCC_OPTIMIZATION_LEVEL = 0;
				GCC_PREPROCESSOR_DEFINITIONS = (
					"DEBUG=1",
					"$(inherited)",
				);
				GCC_WARN_64_TO_32_BIT_CONVERSION = YES;
				GCC_WARN_ABOUT_RETURN_TYPE = YES_ERROR;
				GCC_WARN_UNDECLARED_SELECTOR = YES;
				GCC_WARN_UNINITIALIZED_AUTOS = YES_AGGRESSIVE;
				GCC_WARN_UNUSED_FUNCTION = YES;
				GCC_WARN_UNUSED_VARIABLE = YES;
				IPHONEOS_DEPLOYMENT_TARGET = 13.2;
				MTL_ENABLE_DEBUG_INFO = INCLUDE_SOURCE;
				MTL_FAST_MATH = YES;
				ONLY_ACTIVE_ARCH = YES;
				SDKROOT = iphoneos;
				SWIFT_ACTIVE_COMPILATION_CONDITIONS = DEBUG;
				SWIFT_OPTIMIZATION_LEVEL = "-Onone";
			};
			name = Debug;
		};
		A9E2EFBD23C07D4B002FB680 /* Release */ = {
			isa = XCBuildConfiguration;
			buildSettings = {
				ALWAYS_SEARCH_USER_PATHS = NO;
				CLANG_ANALYZER_NONNULL = YES;
				CLANG_ANALYZER_NUMBER_OBJECT_CONVERSION = YES_AGGRESSIVE;
				CLANG_CXX_LANGUAGE_STANDARD = "gnu++14";
				CLANG_CXX_LIBRARY = "libc++";
				CLANG_ENABLE_MODULES = YES;
				CLANG_ENABLE_OBJC_ARC = YES;
				CLANG_ENABLE_OBJC_WEAK = YES;
				CLANG_WARN_BLOCK_CAPTURE_AUTORELEASING = YES;
				CLANG_WARN_BOOL_CONVERSION = YES;
				CLANG_WARN_COMMA = YES;
				CLANG_WARN_CONSTANT_CONVERSION = YES;
				CLANG_WARN_DEPRECATED_OBJC_IMPLEMENTATIONS = YES;
				CLANG_WARN_DIRECT_OBJC_ISA_USAGE = YES_ERROR;
				CLANG_WARN_DOCUMENTATION_COMMENTS = YES;
				CLANG_WARN_EMPTY_BODY = YES;
				CLANG_WARN_ENUM_CONVERSION = YES;
				CLANG_WARN_INFINITE_RECURSION = YES;
				CLANG_WARN_INT_CONVERSION = YES;
				CLANG_WARN_NON_LITERAL_NULL_CONVERSION = YES;
				CLANG_WARN_OBJC_IMPLICIT_RETAIN_SELF = YES;
				CLANG_WARN_OBJC_LITERAL_CONVERSION = YES;
				CLANG_WARN_OBJC_ROOT_CLASS = YES_ERROR;
				CLANG_WARN_RANGE_LOOP_ANALYSIS = YES;
				CLANG_WARN_STRICT_PROTOTYPES = YES;
				CLANG_WARN_SUSPICIOUS_MOVE = YES;
				CLANG_WARN_UNGUARDED_AVAILABILITY = YES_AGGRESSIVE;
				CLANG_WARN_UNREACHABLE_CODE = YES;
				CLANG_WARN__DUPLICATE_METHOD_MATCH = YES;
				COPY_PHASE_STRIP = NO;
				DEBUG_INFORMATION_FORMAT = "dwarf-with-dsym";
				ENABLE_NS_ASSERTIONS = NO;
				ENABLE_STRICT_OBJC_MSGSEND = YES;
				GCC_C_LANGUAGE_STANDARD = gnu11;
				GCC_NO_COMMON_BLOCKS = YES;
				GCC_WARN_64_TO_32_BIT_CONVERSION = YES;
				GCC_WARN_ABOUT_RETURN_TYPE = YES_ERROR;
				GCC_WARN_UNDECLARED_SELECTOR = YES;
				GCC_WARN_UNINITIALIZED_AUTOS = YES_AGGRESSIVE;
				GCC_WARN_UNUSED_FUNCTION = YES;
				GCC_WARN_UNUSED_VARIABLE = YES;
				IPHONEOS_DEPLOYMENT_TARGET = 13.2;
				MTL_ENABLE_DEBUG_INFO = NO;
				MTL_FAST_MATH = YES;
				SDKROOT = iphoneos;
				SWIFT_COMPILATION_MODE = wholemodule;
				SWIFT_OPTIMIZATION_LEVEL = "-O";
				VALIDATE_PRODUCT = YES;
			};
			name = Release;
		};
		A9E2EFBF23C07D4B002FB680 /* Debug */ = {
			isa = XCBuildConfiguration;
			baseConfigurationReference = 6C64E86FF869A54425CD53A4 /* Pods-BowlingDrilling.debug.xcconfig */;
			buildSettings = {
				ASSETCATALOG_COMPILER_APPICON_NAME = AppIcon;
				CODE_SIGN_STYLE = Automatic;
				DEVELOPMENT_TEAM = 58TN26CK22;
				INFOPLIST_FILE = BowlingDrilling/Info.plist;
				LD_RUNPATH_SEARCH_PATHS = (
					"$(inherited)",
					"@executable_path/Frameworks",
				);
				PRODUCT_BUNDLE_IDENTIFIER = com.aarjonilla.BowlingDrilling;
				PRODUCT_NAME = "$(TARGET_NAME)";
				SWIFT_VERSION = 5.0;
				TARGETED_DEVICE_FAMILY = "1,2";
			};
			name = Debug;
		};
		A9E2EFC023C07D4B002FB680 /* Release */ = {
			isa = XCBuildConfiguration;
			baseConfigurationReference = 557CB99453E36A77D656DB8A /* Pods-BowlingDrilling.release.xcconfig */;
			buildSettings = {
				ASSETCATALOG_COMPILER_APPICON_NAME = AppIcon;
				CODE_SIGN_STYLE = Automatic;
				DEVELOPMENT_TEAM = 58TN26CK22;
				INFOPLIST_FILE = BowlingDrilling/Info.plist;
				LD_RUNPATH_SEARCH_PATHS = (
					"$(inherited)",
					"@executable_path/Frameworks",
				);
				PRODUCT_BUNDLE_IDENTIFIER = com.aarjonilla.BowlingDrilling;
				PRODUCT_NAME = "$(TARGET_NAME)";
				SWIFT_VERSION = 5.0;
				TARGETED_DEVICE_FAMILY = "1,2";
			};
			name = Release;
		};
		A9E2EFC223C07D4B002FB680 /* Debug */ = {
			isa = XCBuildConfiguration;
			baseConfigurationReference = 0C96EF7B83BB8393EE6CD62C /* Pods-BowlingDrillingTests.debug.xcconfig */;
			buildSettings = {
				ALWAYS_EMBED_SWIFT_STANDARD_LIBRARIES = YES;
				BUNDLE_LOADER = "$(TEST_HOST)";
				CODE_SIGN_STYLE = Automatic;
				DEVELOPMENT_TEAM = 58TN26CK22;
				INFOPLIST_FILE = BowlingDrillingTests/Info.plist;
				IPHONEOS_DEPLOYMENT_TARGET = 13.2;
				LD_RUNPATH_SEARCH_PATHS = (
					"$(inherited)",
					"@executable_path/Frameworks",
					"@loader_path/Frameworks",
				);
				PRODUCT_BUNDLE_IDENTIFIER = com.aarjonilla.BowlingDrillingTests;
				PRODUCT_NAME = "$(TARGET_NAME)";
				SWIFT_VERSION = 5.0;
				TARGETED_DEVICE_FAMILY = "1,2";
				TEST_HOST = "$(BUILT_PRODUCTS_DIR)/BowlingDrilling.app/BowlingDrilling";
			};
			name = Debug;
		};
		A9E2EFC323C07D4B002FB680 /* Release */ = {
			isa = XCBuildConfiguration;
			baseConfigurationReference = 28952936205BD301891AD9EA /* Pods-BowlingDrillingTests.release.xcconfig */;
			buildSettings = {
				ALWAYS_EMBED_SWIFT_STANDARD_LIBRARIES = YES;
				BUNDLE_LOADER = "$(TEST_HOST)";
				CODE_SIGN_STYLE = Automatic;
				DEVELOPMENT_TEAM = 58TN26CK22;
				INFOPLIST_FILE = BowlingDrillingTests/Info.plist;
				IPHONEOS_DEPLOYMENT_TARGET = 13.2;
				LD_RUNPATH_SEARCH_PATHS = (
					"$(inherited)",
					"@executable_path/Frameworks",
					"@loader_path/Frameworks",
				);
				PRODUCT_BUNDLE_IDENTIFIER = com.aarjonilla.BowlingDrillingTests;
				PRODUCT_NAME = "$(TARGET_NAME)";
				SWIFT_VERSION = 5.0;
				TARGETED_DEVICE_FAMILY = "1,2";
				TEST_HOST = "$(BUILT_PRODUCTS_DIR)/BowlingDrilling.app/BowlingDrilling";
			};
			name = Release;
		};
/* End XCBuildConfiguration section */

/* Begin XCConfigurationList section */
		A9E2EF9A23C07D48002FB680 /* Build configuration list for PBXProject "BowlingDrilling" */ = {
			isa = XCConfigurationList;
			buildConfigurations = (
				A9E2EFBC23C07D4B002FB680 /* Debug */,
				A9E2EFBD23C07D4B002FB680 /* Release */,
			);
			defaultConfigurationIsVisible = 0;
			defaultConfigurationName = Release;
		};
		A9E2EFBE23C07D4B002FB680 /* Build configuration list for PBXNativeTarget "BowlingDrilling" */ = {
			isa = XCConfigurationList;
			buildConfigurations = (
				A9E2EFBF23C07D4B002FB680 /* Debug */,
				A9E2EFC023C07D4B002FB680 /* Release */,
			);
			defaultConfigurationIsVisible = 0;
			defaultConfigurationName = Release;
		};
		A9E2EFC123C07D4B002FB680 /* Build configuration list for PBXNativeTarget "BowlingDrillingTests" */ = {
			isa = XCConfigurationList;
			buildConfigurations = (
				A9E2EFC223C07D4B002FB680 /* Debug */,
				A9E2EFC323C07D4B002FB680 /* Release */,
			);
			defaultConfigurationIsVisible = 0;
			defaultConfigurationName = Release;
		};
/* End XCConfigurationList section */
	};
	rootObject = A9E2EF9723C07D48002FB680 /* Project object */;
}
